// !$*UTF8*$!
{
	archiveVersion = 1;
	classes = {
	};
	objectVersion = 46;
	objects = {

/* Begin PBXBuildFile section */
		0C4CE5ED2111372CFA3D0FA5 /* libPods-Foodie.a in Frameworks */ = {isa = PBXBuildFile; fileRef = 9DC4B18C5F9F827E5758BB0C /* libPods-Foodie.a */; };
		247131AF1D35CDE3005491A1 /* MyViewController.m in Sources */ = {isa = PBXBuildFile; fileRef = 247131AE1D35CDE3005491A1 /* MyViewController.m */; };
		247131B11D35D5E5005491A1 /* myImage.png in Resources */ = {isa = PBXBuildFile; fileRef = 247131B01D35D5E5005491A1 /* myImage.png */; };
		247131B31D35DEA3005491A1 /* ren.jpg in Resources */ = {isa = PBXBuildFile; fileRef = 247131B21D35DEA3005491A1 /* ren.jpg */; };
		247131B81D35E1F9005491A1 /* MyTableViewCell.m in Sources */ = {isa = PBXBuildFile; fileRef = 247131B61D35E1F9005491A1 /* MyTableViewCell.m */; };
		247131B91D35E1F9005491A1 /* MyTableViewCell.xib in Resources */ = {isa = PBXBuildFile; fileRef = 247131B71D35E1F9005491A1 /* MyTableViewCell.xib */; };
		247132081D363D67005491A1 /* FoodViewController.m in Sources */ = {isa = PBXBuildFile; fileRef = 247132071D363D67005491A1 /* FoodViewController.m */; };
		247399CE1D34ED3F00094DCD /* main.m in Sources */ = {isa = PBXBuildFile; fileRef = 247399CD1D34ED3F00094DCD /* main.m */; };
		247399D11D34ED3F00094DCD /* AppDelegate.m in Sources */ = {isa = PBXBuildFile; fileRef = 247399D01D34ED3F00094DCD /* AppDelegate.m */; };
		247399D71D34ED3F00094DCD /* Main.storyboard in Resources */ = {isa = PBXBuildFile; fileRef = 247399D51D34ED3F00094DCD /* Main.storyboard */; };
		247399DA1D34ED3F00094DCD /* Foodie.xcdatamodeld in Sources */ = {isa = PBXBuildFile; fileRef = 247399D81D34ED3F00094DCD /* Foodie.xcdatamodeld */; };
		247399DC1D34ED3F00094DCD /* Assets.xcassets in Resources */ = {isa = PBXBuildFile; fileRef = 247399DB1D34ED3F00094DCD /* Assets.xcassets */; };
		247399DF1D34ED3F00094DCD /* LaunchScreen.storyboard in Resources */ = {isa = PBXBuildFile; fileRef = 247399DD1D34ED3F00094DCD /* LaunchScreen.storyboard */; };
		24739A071D34F22A00094DCD /* BaseRequest.m in Sources */ = {isa = PBXBuildFile; fileRef = 24739A041D34F22A00094DCD /* BaseRequest.m */; };
		24739A081D34F22A00094DCD /* NetWorkRequest.m in Sources */ = {isa = PBXBuildFile; fileRef = 24739A061D34F22A00094DCD /* NetWorkRequest.m */; };
		24739A101D35036700094DCD /* RootViewController.m in Sources */ = {isa = PBXBuildFile; fileRef = 24739A0F1D35036700094DCD /* RootViewController.m */; };
		24739A141D3505E400094DCD /* BaseViewController.m in Sources */ = {isa = PBXBuildFile; fileRef = 24739A131D3505E400094DCD /* BaseViewController.m */; };
		24739A1A1D35083500094DCD /* FoodieTabBar.m in Sources */ = {isa = PBXBuildFile; fileRef = 24739A191D35083500094DCD /* FoodieTabBar.m */; };
		247F63BA1D38D41A008D45B1 /* recommendTableViewCell.m in Sources */ = {isa = PBXBuildFile; fileRef = 247F63B81D38D41A008D45B1 /* recommendTableViewCell.m */; };
		247F63BB1D38D41A008D45B1 /* recommendTableViewCell.xib in Resources */ = {isa = PBXBuildFile; fileRef = 247F63B91D38D41A008D45B1 /* recommendTableViewCell.xib */; };
		247F63C11D38FAAD008D45B1 /* LikeCollectionViewCell.m in Sources */ = {isa = PBXBuildFile; fileRef = 247F63BF1D38FAAD008D45B1 /* LikeCollectionViewCell.m */; };
		247F63C21D38FAAD008D45B1 /* LikeCollectionViewCell.xib in Resources */ = {isa = PBXBuildFile; fileRef = 247F63C01D38FAAD008D45B1 /* LikeCollectionViewCell.xib */; };
		24D33C2A1D37CE8100D6F765 /* TAAbstractDotView.m in Sources */ = {isa = PBXBuildFile; fileRef = 24D33BFB1D37CE8100D6F765 /* TAAbstractDotView.m */; };
		24D33C2B1D37CE8100D6F765 /* TAAnimatedDotView.m in Sources */ = {isa = PBXBuildFile; fileRef = 24D33BFD1D37CE8100D6F765 /* TAAnimatedDotView.m */; };
		24D33C2C1D37CE8100D6F765 /* TADotView.m in Sources */ = {isa = PBXBuildFile; fileRef = 24D33BFF1D37CE8100D6F765 /* TADotView.m */; };
		24D33C2D1D37CE8100D6F765 /* TAPageControl.m in Sources */ = {isa = PBXBuildFile; fileRef = 24D33C011D37CE8100D6F765 /* TAPageControl.m */; };
		24D33C2E1D37CE8100D6F765 /* SDCollectionViewCell.m in Sources */ = {isa = PBXBuildFile; fileRef = 24D33C031D37CE8100D6F765 /* SDCollectionViewCell.m */; };
		24D33C2F1D37CE8100D6F765 /* SDCycleScrollView.m in Sources */ = {isa = PBXBuildFile; fileRef = 24D33C051D37CE8100D6F765 /* SDCycleScrollView.m */; };
		24D33C301D37CE8100D6F765 /* UIView+SDExtension.m in Sources */ = {isa = PBXBuildFile; fileRef = 24D33C071D37CE8100D6F765 /* UIView+SDExtension.m */; };
		24D33C311D37CE8100D6F765 /* MKAnnotationView+WebCache.m in Sources */ = {isa = PBXBuildFile; fileRef = 24D33C0A1D37CE8100D6F765 /* MKAnnotationView+WebCache.m */; };
		24D33C321D37CE8100D6F765 /* NSData+ImageContentType.m in Sources */ = {isa = PBXBuildFile; fileRef = 24D33C0C1D37CE8100D6F765 /* NSData+ImageContentType.m */; };
		24D33C331D37CE8100D6F765 /* SDImageCache.m in Sources */ = {isa = PBXBuildFile; fileRef = 24D33C0E1D37CE8100D6F765 /* SDImageCache.m */; };
		24D33C341D37CE8100D6F765 /* SDWebImageCompat.m in Sources */ = {isa = PBXBuildFile; fileRef = 24D33C101D37CE8100D6F765 /* SDWebImageCompat.m */; };
		24D33C351D37CE8100D6F765 /* SDWebImageDecoder.m in Sources */ = {isa = PBXBuildFile; fileRef = 24D33C121D37CE8100D6F765 /* SDWebImageDecoder.m */; };
		24D33C361D37CE8100D6F765 /* SDWebImageDownloader.m in Sources */ = {isa = PBXBuildFile; fileRef = 24D33C141D37CE8100D6F765 /* SDWebImageDownloader.m */; };
		24D33C371D37CE8100D6F765 /* SDWebImageDownloaderOperation.m in Sources */ = {isa = PBXBuildFile; fileRef = 24D33C161D37CE8100D6F765 /* SDWebImageDownloaderOperation.m */; };
		24D33C381D37CE8100D6F765 /* SDWebImageManager.m in Sources */ = {isa = PBXBuildFile; fileRef = 24D33C181D37CE8100D6F765 /* SDWebImageManager.m */; };
		24D33C391D37CE8100D6F765 /* SDWebImagePrefetcher.m in Sources */ = {isa = PBXBuildFile; fileRef = 24D33C1B1D37CE8100D6F765 /* SDWebImagePrefetcher.m */; };
		24D33C3A1D37CE8100D6F765 /* UIButton+WebCache.m in Sources */ = {isa = PBXBuildFile; fileRef = 24D33C1D1D37CE8100D6F765 /* UIButton+WebCache.m */; };
		24D33C3B1D37CE8100D6F765 /* UIImage+GIF.m in Sources */ = {isa = PBXBuildFile; fileRef = 24D33C1F1D37CE8100D6F765 /* UIImage+GIF.m */; };
		24D33C3C1D37CE8100D6F765 /* UIImage+MultiFormat.m in Sources */ = {isa = PBXBuildFile; fileRef = 24D33C211D37CE8100D6F765 /* UIImage+MultiFormat.m */; };
		24D33C3D1D37CE8100D6F765 /* UIImage+WebP.m in Sources */ = {isa = PBXBuildFile; fileRef = 24D33C231D37CE8100D6F765 /* UIImage+WebP.m */; };
		24D33C3E1D37CE8100D6F765 /* UIImageView+HighlightedWebCache.m in Sources */ = {isa = PBXBuildFile; fileRef = 24D33C251D37CE8100D6F765 /* UIImageView+HighlightedWebCache.m */; };
		24D33C3F1D37CE8100D6F765 /* UIImageView+WebCache.m in Sources */ = {isa = PBXBuildFile; fileRef = 24D33C271D37CE8100D6F765 /* UIImageView+WebCache.m */; };
		24D33C401D37CE8100D6F765 /* UIView+WebCacheOperation.m in Sources */ = {isa = PBXBuildFile; fileRef = 24D33C291D37CE8100D6F765 /* UIView+WebCacheOperation.m */; };
		24D941821D3A3A2900D38EF6 /* changjianshicai@2x.png in Resources */ = {isa = PBXBuildFile; fileRef = 24D941811D3A3A2900D38EF6 /* changjianshicai@2x.png */; };
		24D941841D3A492000D38EF6 /* QQ20160716-0.png in Resources */ = {isa = PBXBuildFile; fileRef = 24D941831D3A492000D38EF6 /* QQ20160716-0.png */; };
		24D941871D3A4B8F00D38EF6 /* QQ20160716-2.png in Resources */ = {isa = PBXBuildFile; fileRef = 24D941851D3A4B8F00D38EF6 /* QQ20160716-2.png */; };
		24D941881D3A4B8F00D38EF6 /* QQ20160716-1.png in Resources */ = {isa = PBXBuildFile; fileRef = 24D941861D3A4B8F00D38EF6 /* QQ20160716-1.png */; };
/* End PBXBuildFile section */

/* Begin PBXFileReference section */
		247131AD1D35CDE3005491A1 /* MyViewController.h */ = {isa = PBXFileReference; fileEncoding = 4; lastKnownFileType = sourcecode.c.h; path = MyViewController.h; sourceTree = "<group>"; };
		247131AE1D35CDE3005491A1 /* MyViewController.m */ = {isa = PBXFileReference; fileEncoding = 4; lastKnownFileType = sourcecode.c.objc; path = MyViewController.m; sourceTree = "<group>"; };
		247131B01D35D5E5005491A1 /* myImage.png */ = {isa = PBXFileReference; lastKnownFileType = image.png; path = myImage.png; sourceTree = "<group>"; };
		247131B21D35DEA3005491A1 /* ren.jpg */ = {isa = PBXFileReference; lastKnownFileType = image.jpeg; path = ren.jpg; sourceTree = "<group>"; };
		247131B51D35E1F9005491A1 /* MyTableViewCell.h */ = {isa = PBXFileReference; fileEncoding = 4; lastKnownFileType = sourcecode.c.h; path = MyTableViewCell.h; sourceTree = "<group>"; };
		247131B61D35E1F9005491A1 /* MyTableViewCell.m */ = {isa = PBXFileReference; fileEncoding = 4; lastKnownFileType = sourcecode.c.objc; path = MyTableViewCell.m; sourceTree = "<group>"; };
		247131B71D35E1F9005491A1 /* MyTableViewCell.xib */ = {isa = PBXFileReference; fileEncoding = 4; lastKnownFileType = file.xib; path = MyTableViewCell.xib; sourceTree = "<group>"; };
		247132061D363D67005491A1 /* FoodViewController.h */ = {isa = PBXFileReference; fileEncoding = 4; lastKnownFileType = sourcecode.c.h; name = FoodViewController.h; path = "Foodie/Cless/第四界面/Controller/FoodViewController.h"; sourceTree = SOURCE_ROOT; };
		247132071D363D67005491A1 /* FoodViewController.m */ = {isa = PBXFileReference; fileEncoding = 4; lastKnownFileType = sourcecode.c.objc; name = FoodViewController.m; path = "Foodie/Cless/第四界面/Controller/FoodViewController.m"; sourceTree = SOURCE_ROOT; };
		247399C91D34ED3F00094DCD /* Foodie.app */ = {isa = PBXFileReference; explicitFileType = wrapper.application; includeInIndex = 0; path = Foodie.app; sourceTree = BUILT_PRODUCTS_DIR; };
		247399CD1D34ED3F00094DCD /* main.m */ = {isa = PBXFileReference; lastKnownFileType = sourcecode.c.objc; path = main.m; sourceTree = "<group>"; };
		247399CF1D34ED3F00094DCD /* AppDelegate.h */ = {isa = PBXFileReference; lastKnownFileType = sourcecode.c.h; path = AppDelegate.h; sourceTree = "<group>"; };
		247399D01D34ED3F00094DCD /* AppDelegate.m */ = {isa = PBXFileReference; lastKnownFileType = sourcecode.c.objc; path = AppDelegate.m; sourceTree = "<group>"; };
		247399D61D34ED3F00094DCD /* Base */ = {isa = PBXFileReference; lastKnownFileType = file.storyboard; name = Base; path = Base.lproj/Main.storyboard; sourceTree = "<group>"; };
		247399D91D34ED3F00094DCD /* Foodie.xcdatamodel */ = {isa = PBXFileReference; lastKnownFileType = wrapper.xcdatamodel; path = Foodie.xcdatamodel; sourceTree = "<group>"; };
		247399DB1D34ED3F00094DCD /* Assets.xcassets */ = {isa = PBXFileReference; lastKnownFileType = folder.assetcatalog; path = Assets.xcassets; sourceTree = "<group>"; };
		247399DE1D34ED3F00094DCD /* Base */ = {isa = PBXFileReference; lastKnownFileType = file.storyboard; name = Base; path = Base.lproj/LaunchScreen.storyboard; sourceTree = "<group>"; };
		247399E01D34ED3F00094DCD /* Info.plist */ = {isa = PBXFileReference; lastKnownFileType = text.plist.xml; path = Info.plist; sourceTree = "<group>"; };
		247399FE1D34F0A700094DCD /* RequestUrl.h */ = {isa = PBXFileReference; lastKnownFileType = sourcecode.c.h; path = RequestUrl.h; sourceTree = "<group>"; };
		247399FF1D34F0E200094DCD /* CommonString.h */ = {isa = PBXFileReference; lastKnownFileType = sourcecode.c.h; path = CommonString.h; sourceTree = "<group>"; };
		24739A031D34F22A00094DCD /* BaseRequest.h */ = {isa = PBXFileReference; fileEncoding = 4; lastKnownFileType = sourcecode.c.h; path = BaseRequest.h; sourceTree = "<group>"; };
		24739A041D34F22A00094DCD /* BaseRequest.m */ = {isa = PBXFileReference; fileEncoding = 4; lastKnownFileType = sourcecode.c.objc; path = BaseRequest.m; sourceTree = "<group>"; };
		24739A051D34F22A00094DCD /* NetWorkRequest.h */ = {isa = PBXFileReference; fileEncoding = 4; lastKnownFileType = sourcecode.c.h; path = NetWorkRequest.h; sourceTree = "<group>"; };
		24739A061D34F22A00094DCD /* NetWorkRequest.m */ = {isa = PBXFileReference; fileEncoding = 4; lastKnownFileType = sourcecode.c.objc; path = NetWorkRequest.m; sourceTree = "<group>"; };
		24739A0A1D34F42E00094DCD /* PrefixHeader.pch */ = {isa = PBXFileReference; lastKnownFileType = sourcecode.c.h; path = PrefixHeader.pch; sourceTree = "<group>"; };
		24739A0E1D35036700094DCD /* RootViewController.h */ = {isa = PBXFileReference; fileEncoding = 4; lastKnownFileType = sourcecode.c.h; path = RootViewController.h; sourceTree = "<group>"; };
		24739A0F1D35036700094DCD /* RootViewController.m */ = {isa = PBXFileReference; fileEncoding = 4; lastKnownFileType = sourcecode.c.objc; path = RootViewController.m; sourceTree = "<group>"; };
		24739A121D3505E400094DCD /* BaseViewController.h */ = {isa = PBXFileReference; fileEncoding = 4; lastKnownFileType = sourcecode.c.h; path = BaseViewController.h; sourceTree = "<group>"; };
		24739A131D3505E400094DCD /* BaseViewController.m */ = {isa = PBXFileReference; fileEncoding = 4; lastKnownFileType = sourcecode.c.objc; path = BaseViewController.m; sourceTree = "<group>"; };
		24739A181D35083500094DCD /* FoodieTabBar.h */ = {isa = PBXFileReference; fileEncoding = 4; lastKnownFileType = sourcecode.c.h; path = FoodieTabBar.h; sourceTree = "<group>"; };
		24739A191D35083500094DCD /* FoodieTabBar.m */ = {isa = PBXFileReference; fileEncoding = 4; lastKnownFileType = sourcecode.c.objc; path = FoodieTabBar.m; sourceTree = "<group>"; };
		247F63B71D38D41A008D45B1 /* recommendTableViewCell.h */ = {isa = PBXFileReference; fileEncoding = 4; lastKnownFileType = sourcecode.c.h; name = recommendTableViewCell.h; path = ../Controller/recommendTableViewCell.h; sourceTree = "<group>"; };
		247F63B81D38D41A008D45B1 /* recommendTableViewCell.m */ = {isa = PBXFileReference; fileEncoding = 4; lastKnownFileType = sourcecode.c.objc; name = recommendTableViewCell.m; path = ../Controller/recommendTableViewCell.m; sourceTree = "<group>"; };
		247F63B91D38D41A008D45B1 /* recommendTableViewCell.xib */ = {isa = PBXFileReference; fileEncoding = 4; lastKnownFileType = file.xib; name = recommendTableViewCell.xib; path = ../Controller/recommendTableViewCell.xib; sourceTree = "<group>"; };
		247F63BE1D38FAAD008D45B1 /* LikeCollectionViewCell.h */ = {isa = PBXFileReference; fileEncoding = 4; lastKnownFileType = sourcecode.c.h; name = LikeCollectionViewCell.h; path = ../Controller/LikeCollectionViewCell.h; sourceTree = "<group>"; };
		247F63BF1D38FAAD008D45B1 /* LikeCollectionViewCell.m */ = {isa = PBXFileReference; fileEncoding = 4; lastKnownFileType = sourcecode.c.objc; name = LikeCollectionViewCell.m; path = ../Controller/LikeCollectionViewCell.m; sourceTree = "<group>"; };
		247F63C01D38FAAD008D45B1 /* LikeCollectionViewCell.xib */ = {isa = PBXFileReference; fileEncoding = 4; lastKnownFileType = file.xib; name = LikeCollectionViewCell.xib; path = ../Controller/LikeCollectionViewCell.xib; sourceTree = "<group>"; };
		24D33BFA1D37CE8100D6F765 /* TAAbstractDotView.h */ = {isa = PBXFileReference; fileEncoding = 4; lastKnownFileType = sourcecode.c.h; path = TAAbstractDotView.h; sourceTree = "<group>"; };
		24D33BFB1D37CE8100D6F765 /* TAAbstractDotView.m */ = {isa = PBXFileReference; fileEncoding = 4; lastKnownFileType = sourcecode.c.objc; path = TAAbstractDotView.m; sourceTree = "<group>"; };
		24D33BFC1D37CE8100D6F765 /* TAAnimatedDotView.h */ = {isa = PBXFileReference; fileEncoding = 4; lastKnownFileType = sourcecode.c.h; path = TAAnimatedDotView.h; sourceTree = "<group>"; };
		24D33BFD1D37CE8100D6F765 /* TAAnimatedDotView.m */ = {isa = PBXFileReference; fileEncoding = 4; lastKnownFileType = sourcecode.c.objc; path = TAAnimatedDotView.m; sourceTree = "<group>"; };
		24D33BFE1D37CE8100D6F765 /* TADotView.h */ = {isa = PBXFileReference; fileEncoding = 4; lastKnownFileType = sourcecode.c.h; path = TADotView.h; sourceTree = "<group>"; };
		24D33BFF1D37CE8100D6F765 /* TADotView.m */ = {isa = PBXFileReference; fileEncoding = 4; lastKnownFileType = sourcecode.c.objc; path = TADotView.m; sourceTree = "<group>"; };
		24D33C001D37CE8100D6F765 /* TAPageControl.h */ = {isa = PBXFileReference; fileEncoding = 4; lastKnownFileType = sourcecode.c.h; path = TAPageControl.h; sourceTree = "<group>"; };
		24D33C011D37CE8100D6F765 /* TAPageControl.m */ = {isa = PBXFileReference; fileEncoding = 4; lastKnownFileType = sourcecode.c.objc; path = TAPageControl.m; sourceTree = "<group>"; };
		24D33C021D37CE8100D6F765 /* SDCollectionViewCell.h */ = {isa = PBXFileReference; fileEncoding = 4; lastKnownFileType = sourcecode.c.h; path = SDCollectionViewCell.h; sourceTree = "<group>"; };
		24D33C031D37CE8100D6F765 /* SDCollectionViewCell.m */ = {isa = PBXFileReference; fileEncoding = 4; lastKnownFileType = sourcecode.c.objc; path = SDCollectionViewCell.m; sourceTree = "<group>"; };
		24D33C041D37CE8100D6F765 /* SDCycleScrollView.h */ = {isa = PBXFileReference; fileEncoding = 4; lastKnownFileType = sourcecode.c.h; path = SDCycleScrollView.h; sourceTree = "<group>"; };
		24D33C051D37CE8100D6F765 /* SDCycleScrollView.m */ = {isa = PBXFileReference; fileEncoding = 4; lastKnownFileType = sourcecode.c.objc; path = SDCycleScrollView.m; sourceTree = "<group>"; };
		24D33C061D37CE8100D6F765 /* UIView+SDExtension.h */ = {isa = PBXFileReference; fileEncoding = 4; lastKnownFileType = sourcecode.c.h; path = "UIView+SDExtension.h"; sourceTree = "<group>"; };
		24D33C071D37CE8100D6F765 /* UIView+SDExtension.m */ = {isa = PBXFileReference; fileEncoding = 4; lastKnownFileType = sourcecode.c.objc; path = "UIView+SDExtension.m"; sourceTree = "<group>"; };
		24D33C091D37CE8100D6F765 /* MKAnnotationView+WebCache.h */ = {isa = PBXFileReference; fileEncoding = 4; lastKnownFileType = sourcecode.c.h; path = "MKAnnotationView+WebCache.h"; sourceTree = "<group>"; };
		24D33C0A1D37CE8100D6F765 /* MKAnnotationView+WebCache.m */ = {isa = PBXFileReference; fileEncoding = 4; lastKnownFileType = sourcecode.c.objc; path = "MKAnnotationView+WebCache.m"; sourceTree = "<group>"; };
		24D33C0B1D37CE8100D6F765 /* NSData+ImageContentType.h */ = {isa = PBXFileReference; fileEncoding = 4; lastKnownFileType = sourcecode.c.h; path = "NSData+ImageContentType.h"; sourceTree = "<group>"; };
		24D33C0C1D37CE8100D6F765 /* NSData+ImageContentType.m */ = {isa = PBXFileReference; fileEncoding = 4; lastKnownFileType = sourcecode.c.objc; path = "NSData+ImageContentType.m"; sourceTree = "<group>"; };
		24D33C0D1D37CE8100D6F765 /* SDImageCache.h */ = {isa = PBXFileReference; fileEncoding = 4; lastKnownFileType = sourcecode.c.h; path = SDImageCache.h; sourceTree = "<group>"; };
		24D33C0E1D37CE8100D6F765 /* SDImageCache.m */ = {isa = PBXFileReference; fileEncoding = 4; lastKnownFileType = sourcecode.c.objc; path = SDImageCache.m; sourceTree = "<group>"; };
		24D33C0F1D37CE8100D6F765 /* SDWebImageCompat.h */ = {isa = PBXFileReference; fileEncoding = 4; lastKnownFileType = sourcecode.c.h; path = SDWebImageCompat.h; sourceTree = "<group>"; };
		24D33C101D37CE8100D6F765 /* SDWebImageCompat.m */ = {isa = PBXFileReference; fileEncoding = 4; lastKnownFileType = sourcecode.c.objc; path = SDWebImageCompat.m; sourceTree = "<group>"; };
		24D33C111D37CE8100D6F765 /* SDWebImageDecoder.h */ = {isa = PBXFileReference; fileEncoding = 4; lastKnownFileType = sourcecode.c.h; path = SDWebImageDecoder.h; sourceTree = "<group>"; };
		24D33C121D37CE8100D6F765 /* SDWebImageDecoder.m */ = {isa = PBXFileReference; fileEncoding = 4; lastKnownFileType = sourcecode.c.objc; path = SDWebImageDecoder.m; sourceTree = "<group>"; };
		24D33C131D37CE8100D6F765 /* SDWebImageDownloader.h */ = {isa = PBXFileReference; fileEncoding = 4; lastKnownFileType = sourcecode.c.h; path = SDWebImageDownloader.h; sourceTree = "<group>"; };
		24D33C141D37CE8100D6F765 /* SDWebImageDownloader.m */ = {isa = PBXFileReference; fileEncoding = 4; lastKnownFileType = sourcecode.c.objc; path = SDWebImageDownloader.m; sourceTree = "<group>"; };
		24D33C151D37CE8100D6F765 /* SDWebImageDownloaderOperation.h */ = {isa = PBXFileReference; fileEncoding = 4; lastKnownFileType = sourcecode.c.h; path = SDWebImageDownloaderOperation.h; sourceTree = "<group>"; };
		24D33C161D37CE8100D6F765 /* SDWebImageDownloaderOperation.m */ = {isa = PBXFileReference; fileEncoding = 4; lastKnownFileType = sourcecode.c.objc; path = SDWebImageDownloaderOperation.m; sourceTree = "<group>"; };
		24D33C171D37CE8100D6F765 /* SDWebImageManager.h */ = {isa = PBXFileReference; fileEncoding = 4; lastKnownFileType = sourcecode.c.h; path = SDWebImageManager.h; sourceTree = "<group>"; };
		24D33C181D37CE8100D6F765 /* SDWebImageManager.m */ = {isa = PBXFileReference; fileEncoding = 4; lastKnownFileType = sourcecode.c.objc; path = SDWebImageManager.m; sourceTree = "<group>"; };
		24D33C191D37CE8100D6F765 /* SDWebImageOperation.h */ = {isa = PBXFileReference; fileEncoding = 4; lastKnownFileType = sourcecode.c.h; path = SDWebImageOperation.h; sourceTree = "<group>"; };
		24D33C1A1D37CE8100D6F765 /* SDWebImagePrefetcher.h */ = {isa = PBXFileReference; fileEncoding = 4; lastKnownFileType = sourcecode.c.h; path = SDWebImagePrefetcher.h; sourceTree = "<group>"; };
		24D33C1B1D37CE8100D6F765 /* SDWebImagePrefetcher.m */ = {isa = PBXFileReference; fileEncoding = 4; lastKnownFileType = sourcecode.c.objc; path = SDWebImagePrefetcher.m; sourceTree = "<group>"; };
		24D33C1C1D37CE8100D6F765 /* UIButton+WebCache.h */ = {isa = PBXFileReference; fileEncoding = 4; lastKnownFileType = sourcecode.c.h; path = "UIButton+WebCache.h"; sourceTree = "<group>"; };
		24D33C1D1D37CE8100D6F765 /* UIButton+WebCache.m */ = {isa = PBXFileReference; fileEncoding = 4; lastKnownFileType = sourcecode.c.objc; path = "UIButton+WebCache.m"; sourceTree = "<group>"; };
		24D33C1E1D37CE8100D6F765 /* UIImage+GIF.h */ = {isa = PBXFileReference; fileEncoding = 4; lastKnownFileType = sourcecode.c.h; path = "UIImage+GIF.h"; sourceTree = "<group>"; };
		24D33C1F1D37CE8100D6F765 /* UIImage+GIF.m */ = {isa = PBXFileReference; fileEncoding = 4; lastKnownFileType = sourcecode.c.objc; path = "UIImage+GIF.m"; sourceTree = "<group>"; };
		24D33C201D37CE8100D6F765 /* UIImage+MultiFormat.h */ = {isa = PBXFileReference; fileEncoding = 4; lastKnownFileType = sourcecode.c.h; path = "UIImage+MultiFormat.h"; sourceTree = "<group>"; };
		24D33C211D37CE8100D6F765 /* UIImage+MultiFormat.m */ = {isa = PBXFileReference; fileEncoding = 4; lastKnownFileType = sourcecode.c.objc; path = "UIImage+MultiFormat.m"; sourceTree = "<group>"; };
		24D33C221D37CE8100D6F765 /* UIImage+WebP.h */ = {isa = PBXFileReference; fileEncoding = 4; lastKnownFileType = sourcecode.c.h; path = "UIImage+WebP.h"; sourceTree = "<group>"; };
		24D33C231D37CE8100D6F765 /* UIImage+WebP.m */ = {isa = PBXFileReference; fileEncoding = 4; lastKnownFileType = sourcecode.c.objc; path = "UIImage+WebP.m"; sourceTree = "<group>"; };
		24D33C241D37CE8100D6F765 /* UIImageView+HighlightedWebCache.h */ = {isa = PBXFileReference; fileEncoding = 4; lastKnownFileType = sourcecode.c.h; path = "UIImageView+HighlightedWebCache.h"; sourceTree = "<group>"; };
		24D33C251D37CE8100D6F765 /* UIImageView+HighlightedWebCache.m */ = {isa = PBXFileReference; fileEncoding = 4; lastKnownFileType = sourcecode.c.objc; path = "UIImageView+HighlightedWebCache.m"; sourceTree = "<group>"; };
		24D33C261D37CE8100D6F765 /* UIImageView+WebCache.h */ = {isa = PBXFileReference; fileEncoding = 4; lastKnownFileType = sourcecode.c.h; path = "UIImageView+WebCache.h"; sourceTree = "<group>"; };
		24D33C271D37CE8100D6F765 /* UIImageView+WebCache.m */ = {isa = PBXFileReference; fileEncoding = 4; lastKnownFileType = sourcecode.c.objc; path = "UIImageView+WebCache.m"; sourceTree = "<group>"; };
		24D33C281D37CE8100D6F765 /* UIView+WebCacheOperation.h */ = {isa = PBXFileReference; fileEncoding = 4; lastKnownFileType = sourcecode.c.h; path = "UIView+WebCacheOperation.h"; sourceTree = "<group>"; };
		24D33C291D37CE8100D6F765 /* UIView+WebCacheOperation.m */ = {isa = PBXFileReference; fileEncoding = 4; lastKnownFileType = sourcecode.c.objc; path = "UIView+WebCacheOperation.m"; sourceTree = "<group>"; };
		24D941811D3A3A2900D38EF6 /* changjianshicai@2x.png */ = {isa = PBXFileReference; lastKnownFileType = image.png; path = "changjianshicai@2x.png"; sourceTree = "<group>"; };
		24D941831D3A492000D38EF6 /* QQ20160716-0.png */ = {isa = PBXFileReference; lastKnownFileType = image.png; path = "QQ20160716-0.png"; sourceTree = "<group>"; };
		24D941851D3A4B8F00D38EF6 /* QQ20160716-2.png */ = {isa = PBXFileReference; lastKnownFileType = image.png; path = "QQ20160716-2.png"; sourceTree = "<group>"; };
		24D941861D3A4B8F00D38EF6 /* QQ20160716-1.png */ = {isa = PBXFileReference; lastKnownFileType = image.png; path = "QQ20160716-1.png"; sourceTree = "<group>"; };
		6A1E6D64A6E66718E880A338 /* Pods-Foodie.debug.xcconfig */ = {isa = PBXFileReference; includeInIndex = 1; lastKnownFileType = text.xcconfig; name = "Pods-Foodie.debug.xcconfig"; path = "Pods/Target Support Files/Pods-Foodie/Pods-Foodie.debug.xcconfig"; sourceTree = "<group>"; };
		859F2700D1932442456B998E /* Pods-Foodie.release.xcconfig */ = {isa = PBXFileReference; includeInIndex = 1; lastKnownFileType = text.xcconfig; name = "Pods-Foodie.release.xcconfig"; path = "Pods/Target Support Files/Pods-Foodie/Pods-Foodie.release.xcconfig"; sourceTree = "<group>"; };
		9DC4B18C5F9F827E5758BB0C /* libPods-Foodie.a */ = {isa = PBXFileReference; explicitFileType = archive.ar; includeInIndex = 0; path = "libPods-Foodie.a"; sourceTree = BUILT_PRODUCTS_DIR; };
/* End PBXFileReference section */

/* Begin PBXFrameworksBuildPhase section */
		247399C61D34ED3F00094DCD /* Frameworks */ = {
			isa = PBXFrameworksBuildPhase;
			buildActionMask = 2147483647;
			files = (
				0C4CE5ED2111372CFA3D0FA5 /* libPods-Foodie.a in Frameworks */,
			);
			runOnlyForDeploymentPostprocessing = 0;
		};
/* End PBXFrameworksBuildPhase section */

/* Begin PBXGroup section */
		247131B41D35E1E6005491A1 /* Cell */ = {
			isa = PBXGroup;
			children = (
				247131B51D35E1F9005491A1 /* MyTableViewCell.h */,
				247131B61D35E1F9005491A1 /* MyTableViewCell.m */,
				247131B71D35E1F9005491A1 /* MyTableViewCell.xib */,
			);
			name = Cell;
			sourceTree = "<group>";
		};
		247399C01D34ED3F00094DCD = {
			isa = PBXGroup;
			children = (
				247399CB1D34ED3F00094DCD /* Foodie */,
				247399CA1D34ED3F00094DCD /* Products */,
				A126282766924D24C53652A7 /* Pods */,
				BEE6AB921102D81D22A43C7D /* Frameworks */,
			);
			sourceTree = "<group>";
		};
		247399CA1D34ED3F00094DCD /* Products */ = {
			isa = PBXGroup;
			children = (
				247399C91D34ED3F00094DCD /* Foodie.app */,
			);
			name = Products;
			sourceTree = "<group>";
		};
		247399CB1D34ED3F00094DCD /* Foodie */ = {
			isa = PBXGroup;
			children = (
				247131B21D35DEA3005491A1 /* ren.jpg */,
				24D941831D3A492000D38EF6 /* QQ20160716-0.png */,
				24D941851D3A4B8F00D38EF6 /* QQ20160716-2.png */,
				24D941861D3A4B8F00D38EF6 /* QQ20160716-1.png */,
				247399E61D34EF2500094DCD /* Class */,
				24739A021D34F1D800094DCD /* Register[请求] */,
				24739A011D34F10C00094DCD /* Other */,
				247399CF1D34ED3F00094DCD /* AppDelegate.h */,
				247399D01D34ED3F00094DCD /* AppDelegate.m */,
				247399D51D34ED3F00094DCD /* Main.storyboard */,
				247399DB1D34ED3F00094DCD /* Assets.xcassets */,
				247399DD1D34ED3F00094DCD /* LaunchScreen.storyboard */,
				247399E01D34ED3F00094DCD /* Info.plist */,
				247399D81D34ED3F00094DCD /* Foodie.xcdatamodeld */,
				24D941811D3A3A2900D38EF6 /* changjianshicai@2x.png */,
				247399CC1D34ED3F00094DCD /* Supporting Files */,
			);
			path = Foodie;
			sourceTree = "<group>";
		};
		247399CC1D34ED3F00094DCD /* Supporting Files */ = {
			isa = PBXGroup;
			children = (
				247399CD1D34ED3F00094DCD /* main.m */,
			);
			name = "Supporting Files";
			sourceTree = "<group>";
		};
		247399E61D34EF2500094DCD /* Class */ = {
			isa = PBXGroup;
			children = (
				247399E71D34EF2500094DCD /* 第一界面 */,
				247399F11D34EF2500094DCD /* 第二界面 */,
				247399EC1D34EF2500094DCD /* 第三界面 */,
				247399F61D34EF2500094DCD /* 第四界面 */,
			);
			name = Class;
			path = Cless;
			sourceTree = "<group>";
		};
		247399E71D34EF2500094DCD /* 第一界面 */ = {
			isa = PBXGroup;
			children = (
				247399E81D34EF2500094DCD /* Controller */,
				247399E91D34EF2500094DCD /* Model */,
				247399EA1D34EF2500094DCD /* Other */,
				247399EB1D34EF2500094DCD /* View */,
			);
			path = "第一界面";
			sourceTree = "<group>";
		};
		247399E81D34EF2500094DCD /* Controller */ = {
			isa = PBXGroup;
			children = (
				247132061D363D67005491A1 /* FoodViewController.h */,
				247132071D363D67005491A1 /* FoodViewController.m */,
			);
			path = Controller;
			sourceTree = "<group>";
		};
		247399E91D34EF2500094DCD /* Model */ = {
			isa = PBXGroup;
			children = (
			);
			path = Model;
			sourceTree = "<group>";
		};
		247399EA1D34EF2500094DCD /* Other */ = {
			isa = PBXGroup;
			children = (
			);
			path = Other;
			sourceTree = "<group>";
		};
		247399EB1D34EF2500094DCD /* View */ = {
			isa = PBXGroup;
			children = (
				247F63B71D38D41A008D45B1 /* recommendTableViewCell.h */,
				247F63B81D38D41A008D45B1 /* recommendTableViewCell.m */,
				247F63B91D38D41A008D45B1 /* recommendTableViewCell.xib */,
				247F63BE1D38FAAD008D45B1 /* LikeCollectionViewCell.h */,
				247F63BF1D38FAAD008D45B1 /* LikeCollectionViewCell.m */,
				247F63C01D38FAAD008D45B1 /* LikeCollectionViewCell.xib */,
			);
			path = View;
			sourceTree = "<group>";
		};
		247399EC1D34EF2500094DCD /* 第三界面 */ = {
			isa = PBXGroup;
			children = (
				247399ED1D34EF2500094DCD /* Controller */,
				247399EE1D34EF2500094DCD /* Model */,
				247399EF1D34EF2500094DCD /* Other */,
				247399F01D34EF2500094DCD /* View */,
			);
			path = "第三界面";
			sourceTree = "<group>";
		};
		247399ED1D34EF2500094DCD /* Controller */ = {
			isa = PBXGroup;
			children = (
			);
			path = Controller;
			sourceTree = "<group>";
		};
		247399EE1D34EF2500094DCD /* Model */ = {
			isa = PBXGroup;
			children = (
			);
			path = Model;
			sourceTree = "<group>";
		};
		247399EF1D34EF2500094DCD /* Other */ = {
			isa = PBXGroup;
			children = (
			);
			path = Other;
			sourceTree = "<group>";
		};
		247399F01D34EF2500094DCD /* View */ = {
			isa = PBXGroup;
			children = (
			);
			path = View;
			sourceTree = "<group>";
		};
		247399F11D34EF2500094DCD /* 第二界面 */ = {
			isa = PBXGroup;
			children = (
				247399F21D34EF2500094DCD /* Controller */,
				247399F31D34EF2500094DCD /* Model */,
				247399F41D34EF2500094DCD /* Other */,
				247399F51D34EF2500094DCD /* View */,
			);
			path = "第二界面";
			sourceTree = "<group>";
		};
		247399F21D34EF2500094DCD /* Controller */ = {
			isa = PBXGroup;
			children = (
			);
			path = Controller;
			sourceTree = "<group>";
		};
		247399F31D34EF2500094DCD /* Model */ = {
			isa = PBXGroup;
			children = (
			);
			path = Model;
			sourceTree = "<group>";
		};
		247399F41D34EF2500094DCD /* Other */ = {
			isa = PBXGroup;
			children = (
			);
			path = Other;
			sourceTree = "<group>";
		};
		247399F51D34EF2500094DCD /* View */ = {
			isa = PBXGroup;
			children = (
			);
			path = View;
			sourceTree = "<group>";
		};
		247399F61D34EF2500094DCD /* 第四界面 */ = {
			isa = PBXGroup;
			children = (
				247399F71D34EF2500094DCD /* Controller */,
				247399F81D34EF2500094DCD /* Model */,
				247399F91D34EF2500094DCD /* Other */,
				247399FA1D34EF2500094DCD /* View */,
			);
			path = "第四界面";
			sourceTree = "<group>";
		};
		247399F71D34EF2500094DCD /* Controller */ = {
			isa = PBXGroup;
			children = (
				247131AD1D35CDE3005491A1 /* MyViewController.h */,
				247131AE1D35CDE3005491A1 /* MyViewController.m */,
			);
			path = Controller;
			sourceTree = "<group>";
		};
		247399F81D34EF2500094DCD /* Model */ = {
			isa = PBXGroup;
			children = (
			);
			path = Model;
			sourceTree = "<group>";
		};
		247399F91D34EF2500094DCD /* Other */ = {
			isa = PBXGroup;
			children = (
			);
			path = Other;
			sourceTree = "<group>";
		};
		247399FA1D34EF2500094DCD /* View */ = {
			isa = PBXGroup;
			children = (
				247131B41D35E1E6005491A1 /* Cell */,
			);
			path = View;
			sourceTree = "<group>";
		};
		24739A011D34F10C00094DCD /* Other */ = {
			isa = PBXGroup;
			children = (
				24D33BF71D37CE8100D6F765 /* Lib */,
				247131B01D35D5E5005491A1 /* myImage.png */,
				24739A181D35083500094DCD /* FoodieTabBar.h */,
				24739A191D35083500094DCD /* FoodieTabBar.m */,
				24739A0E1D35036700094DCD /* RootViewController.h */,
				24739A0F1D35036700094DCD /* RootViewController.m */,
				24739A121D3505E400094DCD /* BaseViewController.h */,
				24739A131D3505E400094DCD /* BaseViewController.m */,
				24739A111D3505C200094DCD /* 工具 */,
			);
			name = Other;
			sourceTree = "<group>";
		};
		24739A021D34F1D800094DCD /* Register[请求] */ = {
			isa = PBXGroup;
			children = (
				24739A031D34F22A00094DCD /* BaseRequest.h */,
				24739A041D34F22A00094DCD /* BaseRequest.m */,
				24739A051D34F22A00094DCD /* NetWorkRequest.h */,
				24739A061D34F22A00094DCD /* NetWorkRequest.m */,
			);
			name = "Register[请求]";
			sourceTree = "<group>";
		};
		24739A111D3505C200094DCD /* 工具 */ = {
			isa = PBXGroup;
			children = (
				247399FF1D34F0E200094DCD /* CommonString.h */,
				247399FE1D34F0A700094DCD /* RequestUrl.h */,
				24739A0A1D34F42E00094DCD /* PrefixHeader.pch */,
			);
			name = "工具";
			sourceTree = "<group>";
		};
		24D33BF71D37CE8100D6F765 /* Lib */ = {
			isa = PBXGroup;
			children = (
				24D33BF81D37CE8100D6F765 /* SDCycleScrollView */,
				24D33C081D37CE8100D6F765 /* SDWebImage */,
			);
			name = Lib;
			path = Other/Lib;
			sourceTree = "<group>";
		};
		24D33BF81D37CE8100D6F765 /* SDCycleScrollView */ = {
			isa = PBXGroup;
			children = (
				24D33BF91D37CE8100D6F765 /* PageControl */,
				24D33C021D37CE8100D6F765 /* SDCollectionViewCell.h */,
				24D33C031D37CE8100D6F765 /* SDCollectionViewCell.m */,
				24D33C041D37CE8100D6F765 /* SDCycleScrollView.h */,
				24D33C051D37CE8100D6F765 /* SDCycleScrollView.m */,
				24D33C061D37CE8100D6F765 /* UIView+SDExtension.h */,
				24D33C071D37CE8100D6F765 /* UIView+SDExtension.m */,
			);
			path = SDCycleScrollView;
			sourceTree = "<group>";
		};
		24D33BF91D37CE8100D6F765 /* PageControl */ = {
			isa = PBXGroup;
			children = (
				24D33BFA1D37CE8100D6F765 /* TAAbstractDotView.h */,
				24D33BFB1D37CE8100D6F765 /* TAAbstractDotView.m */,
				24D33BFC1D37CE8100D6F765 /* TAAnimatedDotView.h */,
				24D33BFD1D37CE8100D6F765 /* TAAnimatedDotView.m */,
				24D33BFE1D37CE8100D6F765 /* TADotView.h */,
				24D33BFF1D37CE8100D6F765 /* TADotView.m */,
				24D33C001D37CE8100D6F765 /* TAPageControl.h */,
				24D33C011D37CE8100D6F765 /* TAPageControl.m */,
			);
			path = PageControl;
			sourceTree = "<group>";
		};
		24D33C081D37CE8100D6F765 /* SDWebImage */ = {
			isa = PBXGroup;
			children = (
				24D33C091D37CE8100D6F765 /* MKAnnotationView+WebCache.h */,
				24D33C0A1D37CE8100D6F765 /* MKAnnotationView+WebCache.m */,
				24D33C0B1D37CE8100D6F765 /* NSData+ImageContentType.h */,
				24D33C0C1D37CE8100D6F765 /* NSData+ImageContentType.m */,
				24D33C0D1D37CE8100D6F765 /* SDImageCache.h */,
				24D33C0E1D37CE8100D6F765 /* SDImageCache.m */,
				24D33C0F1D37CE8100D6F765 /* SDWebImageCompat.h */,
				24D33C101D37CE8100D6F765 /* SDWebImageCompat.m */,
				24D33C111D37CE8100D6F765 /* SDWebImageDecoder.h */,
				24D33C121D37CE8100D6F765 /* SDWebImageDecoder.m */,
				24D33C131D37CE8100D6F765 /* SDWebImageDownloader.h */,
				24D33C141D37CE8100D6F765 /* SDWebImageDownloader.m */,
				24D33C151D37CE8100D6F765 /* SDWebImageDownloaderOperation.h */,
				24D33C161D37CE8100D6F765 /* SDWebImageDownloaderOperation.m */,
				24D33C171D37CE8100D6F765 /* SDWebImageManager.h */,
				24D33C181D37CE8100D6F765 /* SDWebImageManager.m */,
				24D33C191D37CE8100D6F765 /* SDWebImageOperation.h */,
				24D33C1A1D37CE8100D6F765 /* SDWebImagePrefetcher.h */,
				24D33C1B1D37CE8100D6F765 /* SDWebImagePrefetcher.m */,
				24D33C1C1D37CE8100D6F765 /* UIButton+WebCache.h */,
				24D33C1D1D37CE8100D6F765 /* UIButton+WebCache.m */,
				24D33C1E1D37CE8100D6F765 /* UIImage+GIF.h */,
				24D33C1F1D37CE8100D6F765 /* UIImage+GIF.m */,
				24D33C201D37CE8100D6F765 /* UIImage+MultiFormat.h */,
				24D33C211D37CE8100D6F765 /* UIImage+MultiFormat.m */,
				24D33C221D37CE8100D6F765 /* UIImage+WebP.h */,
				24D33C231D37CE8100D6F765 /* UIImage+WebP.m */,
				24D33C241D37CE8100D6F765 /* UIImageView+HighlightedWebCache.h */,
				24D33C251D37CE8100D6F765 /* UIImageView+HighlightedWebCache.m */,
				24D33C261D37CE8100D6F765 /* UIImageView+WebCache.h */,
				24D33C271D37CE8100D6F765 /* UIImageView+WebCache.m */,
				24D33C281D37CE8100D6F765 /* UIView+WebCacheOperation.h */,
				24D33C291D37CE8100D6F765 /* UIView+WebCacheOperation.m */,
			);
			path = SDWebImage;
			sourceTree = "<group>";
		};
		A126282766924D24C53652A7 /* Pods */ = {
			isa = PBXGroup;
			children = (
				6A1E6D64A6E66718E880A338 /* Pods-Foodie.debug.xcconfig */,
				859F2700D1932442456B998E /* Pods-Foodie.release.xcconfig */,
			);
			name = Pods;
			sourceTree = "<group>";
		};
		BEE6AB921102D81D22A43C7D /* Frameworks */ = {
			isa = PBXGroup;
			children = (
				9DC4B18C5F9F827E5758BB0C /* libPods-Foodie.a */,
			);
			name = Frameworks;
			sourceTree = "<group>";
		};
/* End PBXGroup section */

/* Begin PBXNativeTarget section */
		247399C81D34ED3F00094DCD /* Foodie */ = {
			isa = PBXNativeTarget;
			buildConfigurationList = 247399E31D34ED3F00094DCD /* Build configuration list for PBXNativeTarget "Foodie" */;
			buildPhases = (
				B282C10282EEAF41721DF276 /* [CP] Check Pods Manifest.lock */,
				247399C51D34ED3F00094DCD /* Sources */,
				247399C61D34ED3F00094DCD /* Frameworks */,
				247399C71D34ED3F00094DCD /* Resources */,
				7394D5723042F97A37024178 /* [CP] Embed Pods Frameworks */,
				68C998D4F17FE83B1969D970 /* [CP] Copy Pods Resources */,
			);
			buildRules = (
			);
			dependencies = (
			);
			name = Foodie;
			productName = Foodie;
			productReference = 247399C91D34ED3F00094DCD /* Foodie.app */;
			productType = "com.apple.product-type.application";
		};
/* End PBXNativeTarget section */

/* Begin PBXProject section */
		247399C11D34ED3F00094DCD /* Project object */ = {
			isa = PBXProject;
			attributes = {
				LastUpgradeCheck = 0720;
				ORGANIZATIONNAME = CoderTYD;
				TargetAttributes = {
					247399C81D34ED3F00094DCD = {
						CreatedOnToolsVersion = 7.2;
					};
				};
			};
			buildConfigurationList = 247399C41D34ED3F00094DCD /* Build configuration list for PBXProject "Foodie" */;
			compatibilityVersion = "Xcode 3.2";
			developmentRegion = English;
			hasScannedForEncodings = 0;
			knownRegions = (
				en,
				Base,
			);
			mainGroup = 247399C01D34ED3F00094DCD;
			productRefGroup = 247399CA1D34ED3F00094DCD /* Products */;
			projectDirPath = "";
			projectRoot = "";
			targets = (
				247399C81D34ED3F00094DCD /* Foodie */,
			);
		};
/* End PBXProject section */

/* Begin PBXResourcesBuildPhase section */
		247399C71D34ED3F00094DCD /* Resources */ = {
			isa = PBXResourcesBuildPhase;
			buildActionMask = 2147483647;
			files = (
				247F63BB1D38D41A008D45B1 /* recommendTableViewCell.xib in Resources */,
				24D941841D3A492000D38EF6 /* QQ20160716-0.png in Resources */,
				247F63C21D38FAAD008D45B1 /* LikeCollectionViewCell.xib in Resources */,
				247399DF1D34ED3F00094DCD /* LaunchScreen.storyboard in Resources */,
				247131B91D35E1F9005491A1 /* MyTableViewCell.xib in Resources */,
				24D941821D3A3A2900D38EF6 /* changjianshicai@2x.png in Resources */,
				24D941871D3A4B8F00D38EF6 /* QQ20160716-2.png in Resources */,
				247399DC1D34ED3F00094DCD /* Assets.xcassets in Resources */,
				24D941881D3A4B8F00D38EF6 /* QQ20160716-1.png in Resources */,
				247399D71D34ED3F00094DCD /* Main.storyboard in Resources */,
				247131B31D35DEA3005491A1 /* ren.jpg in Resources */,
				247131B11D35D5E5005491A1 /* myImage.png in Resources */,
			);
			runOnlyForDeploymentPostprocessing = 0;
		};
/* End PBXResourcesBuildPhase section */

/* Begin PBXShellScriptBuildPhase section */
		68C998D4F17FE83B1969D970 /* [CP] Copy Pods Resources */ = {
			isa = PBXShellScriptBuildPhase;
			buildActionMask = 2147483647;
			files = (
			);
			inputPaths = (
			);
			name = "[CP] Copy Pods Resources";
			outputPaths = (
			);
			runOnlyForDeploymentPostprocessing = 0;
			shellPath = /bin/sh;
			shellScript = "\"${SRCROOT}/Pods/Target Support Files/Pods-Foodie/Pods-Foodie-resources.sh\"\n";
			showEnvVarsInLog = 0;
		};
		7394D5723042F97A37024178 /* [CP] Embed Pods Frameworks */ = {
			isa = PBXShellScriptBuildPhase;
			buildActionMask = 2147483647;
			files = (
			);
			inputPaths = (
			);
			name = "[CP] Embed Pods Frameworks";
			outputPaths = (
			);
			runOnlyForDeploymentPostprocessing = 0;
			shellPath = /bin/sh;
			shellScript = "\"${SRCROOT}/Pods/Target Support Files/Pods-Foodie/Pods-Foodie-frameworks.sh\"\n";
			showEnvVarsInLog = 0;
		};
		B282C10282EEAF41721DF276 /* [CP] Check Pods Manifest.lock */ = {
			isa = PBXShellScriptBuildPhase;
			buildActionMask = 2147483647;
			files = (
			);
			inputPaths = (
			);
			name = "[CP] Check Pods Manifest.lock";
			outputPaths = (
			);
			runOnlyForDeploymentPostprocessing = 0;
			shellPath = /bin/sh;
			shellScript = "diff \"${PODS_ROOT}/../Podfile.lock\" \"${PODS_ROOT}/Manifest.lock\" > /dev/null\nif [[ $? != 0 ]] ; then\n    cat << EOM\nerror: The sandbox is not in sync with the Podfile.lock. Run 'pod install' or update your CocoaPods installation.\nEOM\n    exit 1\nfi\n";
			showEnvVarsInLog = 0;
		};
/* End PBXShellScriptBuildPhase section */

/* Begin PBXSourcesBuildPhase section */
		247399C51D34ED3F00094DCD /* Sources */ = {
			isa = PBXSourcesBuildPhase;
			buildActionMask = 2147483647;
			files = (
				24D33C401D37CE8100D6F765 /* UIView+WebCacheOperation.m in Sources */,
				247132081D363D67005491A1 /* FoodViewController.m in Sources */,
				24D33C2C1D37CE8100D6F765 /* TADotView.m in Sources */,
				24D33C3E1D37CE8100D6F765 /* UIImageView+HighlightedWebCache.m in Sources */,
				24D33C2D1D37CE8100D6F765 /* TAPageControl.m in Sources */,
				24D33C2A1D37CE8100D6F765 /* TAAbstractDotView.m in Sources */,
				24739A1A1D35083500094DCD /* FoodieTabBar.m in Sources */,
				24D33C381D37CE8100D6F765 /* SDWebImageManager.m in Sources */,
				24D33C351D37CE8100D6F765 /* SDWebImageDecoder.m in Sources */,
				24739A071D34F22A00094DCD /* BaseRequest.m in Sources */,
				24739A141D3505E400094DCD /* BaseViewController.m in Sources */,
				24D33C391D37CE8100D6F765 /* SDWebImagePrefetcher.m in Sources */,
				24D33C3F1D37CE8100D6F765 /* UIImageView+WebCache.m in Sources */,
				247131AF1D35CDE3005491A1 /* MyViewController.m in Sources */,
				24739A101D35036700094DCD /* RootViewController.m in Sources */,
				24739A081D34F22A00094DCD /* NetWorkRequest.m in Sources */,
				24D33C3B1D37CE8100D6F765 /* UIImage+GIF.m in Sources */,
				24D33C3D1D37CE8100D6F765 /* UIImage+WebP.m in Sources */,
				24D33C321D37CE8100D6F765 /* NSData+ImageContentType.m in Sources */,
				24D33C341D37CE8100D6F765 /* SDWebImageCompat.m in Sources */,
				247399DA1D34ED3F00094DCD /* Foodie.xcdatamodeld in Sources */,
				24D33C2B1D37CE8100D6F765 /* TAAnimatedDotView.m in Sources */,
				247F63C11D38FAAD008D45B1 /* LikeCollectionViewCell.m in Sources */,
				24D33C331D37CE8100D6F765 /* SDImageCache.m in Sources */,
				247F63BA1D38D41A008D45B1 /* recommendTableViewCell.m in Sources */,
				24D33C361D37CE8100D6F765 /* SDWebImageDownloader.m in Sources */,
				247399D11D34ED3F00094DCD /* AppDelegate.m in Sources */,
				24D33C301D37CE8100D6F765 /* UIView+SDExtension.m in Sources */,
				24D33C3C1D37CE8100D6F765 /* UIImage+MultiFormat.m in Sources */,
				24D33C3A1D37CE8100D6F765 /* UIButton+WebCache.m in Sources */,
				247399CE1D34ED3F00094DCD /* main.m in Sources */,
				24D33C311D37CE8100D6F765 /* MKAnnotationView+WebCache.m in Sources */,
				24D33C371D37CE8100D6F765 /* SDWebImageDownloaderOperation.m in Sources */,
				247131B81D35E1F9005491A1 /* MyTableViewCell.m in Sources */,
				24D33C2E1D37CE8100D6F765 /* SDCollectionViewCell.m in Sources */,
				24D33C2F1D37CE8100D6F765 /* SDCycleScrollView.m in Sources */,
			);
			runOnlyForDeploymentPostprocessing = 0;
		};
/* End PBXSourcesBuildPhase section */

/* Begin PBXVariantGroup section */
		247399D51D34ED3F00094DCD /* Main.storyboard */ = {
			isa = PBXVariantGroup;
			children = (
				247399D61D34ED3F00094DCD /* Base */,
			);
			name = Main.storyboard;
			sourceTree = "<group>";
		};
		247399DD1D34ED3F00094DCD /* LaunchScreen.storyboard */ = {
			isa = PBXVariantGroup;
			children = (
				247399DE1D34ED3F00094DCD /* Base */,
			);
			name = LaunchScreen.storyboard;
			sourceTree = "<group>";
		};
/* End PBXVariantGroup section */

/* Begin XCBuildConfiguration section */
		247399E11D34ED3F00094DCD /* Debug */ = {
			isa = XCBuildConfiguration;
			buildSettings = {
				ALWAYS_SEARCH_USER_PATHS = NO;
				CLANG_CXX_LANGUAGE_STANDARD = "gnu++0x";
				CLANG_CXX_LIBRARY = "libc++";
				CLANG_ENABLE_MODULES = YES;
				CLANG_ENABLE_OBJC_ARC = YES;
				CLANG_WARN_BOOL_CONVERSION = YES;
				CLANG_WARN_CONSTANT_CONVERSION = YES;
				CLANG_WARN_DIRECT_OBJC_ISA_USAGE = YES_ERROR;
				CLANG_WARN_EMPTY_BODY = YES;
				CLANG_WARN_ENUM_CONVERSION = YES;
				CLANG_WARN_INT_CONVERSION = YES;
				CLANG_WARN_OBJC_ROOT_CLASS = YES_ERROR;
				CLANG_WARN_UNREACHABLE_CODE = YES;
				CLANG_WARN__DUPLICATE_METHOD_MATCH = YES;
				"CODE_SIGN_IDENTITY[sdk=iphoneos*]" = "iPhone Developer";
				COPY_PHASE_STRIP = NO;
				DEBUG_INFORMATION_FORMAT = dwarf;
				ENABLE_STRICT_OBJC_MSGSEND = YES;
				ENABLE_TESTABILITY = YES;
				GCC_C_LANGUAGE_STANDARD = gnu99;
				GCC_DYNAMIC_NO_PIC = NO;
				GCC_NO_COMMON_BLOCKS = YES;
				GCC_OPTIMIZATION_LEVEL = 0;
				GCC_PREPROCESSOR_DEFINITIONS = (
					"DEBUG=1",
					"$(inherited)",
				);
				GCC_WARN_64_TO_32_BIT_CONVERSION = YES;
				GCC_WARN_ABOUT_RETURN_TYPE = YES_ERROR;
				GCC_WARN_UNDECLARED_SELECTOR = YES;
				GCC_WARN_UNINITIALIZED_AUTOS = YES_AGGRESSIVE;
				GCC_WARN_UNUSED_FUNCTION = YES;
				GCC_WARN_UNUSED_VARIABLE = YES;
				IPHONEOS_DEPLOYMENT_TARGET = 9.2;
				MTL_ENABLE_DEBUG_INFO = YES;
				ONLY_ACTIVE_ARCH = YES;
				SDKROOT = iphoneos;
				TARGETED_DEVICE_FAMILY = "1,2";
			};
			name = Debug;
		};
		247399E21D34ED3F00094DCD /* Release */ = {
			isa = XCBuildConfiguration;
			buildSettings = {
				ALWAYS_SEARCH_USER_PATHS = NO;
				CLANG_CXX_LANGUAGE_STANDARD = "gnu++0x";
				CLANG_CXX_LIBRARY = "libc++";
				CLANG_ENABLE_MODULES = YES;
				CLANG_ENABLE_OBJC_ARC = YES;
				CLANG_WARN_BOOL_CONVERSION = YES;
				CLANG_WARN_CONSTANT_CONVERSION = YES;
				CLANG_WARN_DIRECT_OBJC_ISA_USAGE = YES_ERROR;
				CLANG_WARN_EMPTY_BODY = YES;
				CLANG_WARN_ENUM_CONVERSION = YES;
				CLANG_WARN_INT_CONVERSION = YES;
				CLANG_WARN_OBJC_ROOT_CLASS = YES_ERROR;
				CLANG_WARN_UNREACHABLE_CODE = YES;
				CLANG_WARN__DUPLICATE_METHOD_MATCH = YES;
				"CODE_SIGN_IDENTITY[sdk=iphoneos*]" = "iPhone Developer";
				COPY_PHASE_STRIP = NO;
				DEBUG_INFORMATION_FORMAT = "dwarf-with-dsym";
				ENABLE_NS_ASSERTIONS = NO;
				ENABLE_STRICT_OBJC_MSGSEND = YES;
				GCC_C_LANGUAGE_STANDARD = gnu99;
				GCC_NO_COMMON_BLOCKS = YES;
				GCC_WARN_64_TO_32_BIT_CONVERSION = YES;
				GCC_WARN_ABOUT_RETURN_TYPE = YES_ERROR;
				GCC_WARN_UNDECLARED_SELECTOR = YES;
				GCC_WARN_UNINITIALIZED_AUTOS = YES_AGGRESSIVE;
				GCC_WARN_UNUSED_FUNCTION = YES;
				GCC_WARN_UNUSED_VARIABLE = YES;
				IPHONEOS_DEPLOYMENT_TARGET = 9.2;
				MTL_ENABLE_DEBUG_INFO = NO;
				SDKROOT = iphoneos;
				TARGETED_DEVICE_FAMILY = "1,2";
				VALIDATE_PRODUCT = YES;
			};
			name = Release;
		};
		247399E41D34ED3F00094DCD /* Debug */ = {
			isa = XCBuildConfiguration;
			baseConfigurationReference = 6A1E6D64A6E66718E880A338 /* Pods-Foodie.debug.xcconfig */;
			buildSettings = {
				ASSETCATALOG_COMPILER_APPICON_NAME = AppIcon;
				GCC_PREFIX_HEADER = "$(SRCROOT)/Foodie/PrefixHeader.pch";
				INFOPLIST_FILE = Foodie/Info.plist;
				LD_RUNPATH_SEARCH_PATHS = "$(inherited) @executable_path/Frameworks";
				PRODUCT_BUNDLE_IDENTIFIER = Leader.Foodie;
				PRODUCT_NAME = "$(TARGET_NAME)";
			};
			name = Debug;
		};
		247399E51D34ED3F00094DCD /* Release */ = {
			isa = XCBuildConfiguration;
			baseConfigurationReference = 859F2700D1932442456B998E /* Pods-Foodie.release.xcconfig */;
			buildSettings = {
				ASSETCATALOG_COMPILER_APPICON_NAME = AppIcon;
				GCC_PREFIX_HEADER = "$(SRCROOT)/Foodie/PrefixHeader.pch";
				INFOPLIST_FILE = Foodie/Info.plist;
				LD_RUNPATH_SEARCH_PATHS = "$(inherited) @executable_path/Frameworks";
				PRODUCT_BUNDLE_IDENTIFIER = Leader.Foodie;
				PRODUCT_NAME = "$(TARGET_NAME)";
			};
			name = Release;
		};
/* End XCBuildConfiguration section */

/* Begin XCConfigurationList section */
		247399C41D34ED3F00094DCD /* Build configuration list for PBXProject "Foodie" */ = {
			isa = XCConfigurationList;
			buildConfigurations = (
				247399E11D34ED3F00094DCD /* Debug */,
				247399E21D34ED3F00094DCD /* Release */,
			);
			defaultConfigurationIsVisible = 0;
			defaultConfigurationName = Release;
		};
		247399E31D34ED3F00094DCD /* Build configuration list for PBXNativeTarget "Foodie" */ = {
			isa = XCConfigurationList;
			buildConfigurations = (
				247399E41D34ED3F00094DCD /* Debug */,
				247399E51D34ED3F00094DCD /* Release */,
			);
			defaultConfigurationIsVisible = 0;
			defaultConfigurationName = Release;
		};
/* End XCConfigurationList section */

/* Begin XCVersionGroup section */
		247399D81D34ED3F00094DCD /* Foodie.xcdatamodeld */ = {
			isa = XCVersionGroup;
			children = (
				247399D91D34ED3F00094DCD /* Foodie.xcdatamodel */,
			);
			currentVersion = 247399D91D34ED3F00094DCD /* Foodie.xcdatamodel */;
			path = Foodie.xcdatamodeld;
			sourceTree = "<group>";
			versionGroupType = wrapper.xcdatamodel;
		};
/* End XCVersionGroup section */
	};
	rootObject = 247399C11D34ED3F00094DCD /* Project object */;
}
